
Microsoft Visual Studio Solution File, Format Version 12.00
# Visual Studio Version 17
VisualStudioVersion = 17.0.32014.148
MinimumVisualStudioVersion = 10.0.40219.1
Project("{FAE04EC0-301F-11D3-BF4B-00C04F79EFBC}") = "ntp2final", "ntp2final\ntp2final.csproj", "{91E8B87B-5926-4F5A-91C5-34985E40E3B6}"
EndProject
Project("{FAE04EC0-301F-11D3-BF4B-00C04F79EFBC}") = "BLL", "BLL\BLL.csproj", "{424F5487-47B0-4A83-9A96-AA7DB5E186FB}"
EndProject
Project("{FAE04EC0-301F-11D3-BF4B-00C04F79EFBC}") = "MODEL", "MODEL\MODEL.csproj", "{52D8AF93-9569-4894-ADA3-2365DEE452A4}"
EndProject
Global
	GlobalSection(SolutionConfigurationPlatforms) = preSolution
		Debug|Any CPU = Debug|Any CPU
		Release|Any CPU = Release|Any CPU
	EndGlobalSection
	GlobalSection(ProjectConfigurationPlatforms) = postSolution
		{91E8B87B-5926-4F5A-91C5-34985E40E3B6}.Debug|Any CPU.ActiveCfg = Debug|Any CPU
		{91E8B87B-5926-4F5A-91C5-34985E40E3B6}.Debug|Any CPU.Build.0 = Debug|Any CPU
		{91E8B87B-5926-4F5A-91C5-34985E40E3B6}.Release|Any CPU.ActiveCfg = Release|Any CPU
		{91E8B87B-5926-4F5A-91C5-34985E40E3B6}.Release|Any CPU.Build.0 = Release|Any CPU
		{424F5487-47B0-4A83-9A96-AA7DB5E186FB}.Debug|Any CPU.ActiveCfg = Debug|Any CPU
		{424F5487-47B0-4A83-9A96-AA7DB5E186FB}.Debug|Any CPU.Build.0 = Debug|Any CPU
		{424F5487-47B0-4A83-9A96-AA7DB5E186FB}.Release|Any CPU.ActiveCfg = Release|Any CPU
		{424F5487-47B0-4A83-9A96-AA7DB5E186FB}.Release|Any CPU.Build.0 = Release|Any CPU
		{52D8AF93-9569-4894-ADA3-2365DEE452A4}.Debug|Any CPU.ActiveCfg = Debug|Any CPU
		{52D8AF93-9569-4894-ADA3-2365DEE452A4}.Debug|Any CPU.Build.0 = Debug|Any CPU
		{52D8AF93-9569-4894-ADA3-2365DEE452A4}.Release|Any CPU.ActiveCfg = Release|Any CPU
		{52D8AF93-9569-4894-ADA3-2365DEE452A4}.Release|Any CPU.Build.0 = Release|Any CPU
	EndGlobalSection
	GlobalSection(SolutionProperties) = preSolution
		HideSolutionNode = FALSE
	EndGlobalSection
	GlobalSection(ExtensibilityGlobals) = postSolution
		SolutionGuid = {5D31DF87-4F92-41CC-9838-5FB022E84DA9}
	EndGlobalSection
EndGlobal
